{
  "version": 4,
  "terraform_version": "1.9.6",
  "serial": 249,
  "lineage": "51ba94f3-bd9a-2e1a-a977-c0c5d49e5d47",
  "outputs": {},
  "resources": [
    {
      "mode": "managed",
      "type": "mongodbatlas_cluster",
      "name": "cluster-test",
      "provider": "provider[\"registry.terraform.io/mongodb/mongodbatlas\"]",
      "instances": [
        {
          "schema_version": 1,
          "attributes": {
            "accept_data_risks_and_force_replica_set_reconfig": "",
            "advanced_configuration": [
              {
                "change_stream_options_pre_and_post_images_expire_after_seconds": -1,
                "default_read_concern": "",
                "default_write_concern": "",
                "fail_index_key_too_long": false,
                "javascript_enabled": true,
                "minimum_enabled_tls_protocol": "TLS1_2",
                "no_table_scan": false,
                "oplog_min_retention_hours": 0,
                "oplog_size_mb": 0,
                "sample_refresh_interval_bi_connector": 0,
                "sample_size_bi_connector": 0,
                "transaction_lifetime_limit_seconds": 0
              }
            ],
            "auto_scaling_compute_enabled": false,
            "auto_scaling_compute_scale_down_enabled": false,
            "auto_scaling_disk_gb_enabled": null,
            "backing_provider_name": "AWS",
            "backup_enabled": false,
            "bi_connector_config": [
              {
                "enabled": false,
                "read_preference": "secondary"
              }
            ],
            "cloud_backup": null,
            "cluster_id": "6712c785a6c1c54fef7b88da",
            "cluster_type": "REPLICASET",
            "connection_strings": [
              {
                "private": "",
                "private_endpoint": [],
                "private_srv": "",
                "standard": "mongodb://cluster-holamundocloud-shard-00-00.xkff5.mongodb.net:27017,cluster-holamundocloud-shard-00-01.xkff5.mongodb.net:27017,cluster-holamundocloud-shard-00-02.xkff5.mongodb.net:27017/?ssl=true\u0026authSource=admin\u0026replicaSet=atlas-vi2iy4-shard-0",
                "standard_srv": "mongodb+srv://cluster-holamundocloud.xkff5.mongodb.net"
              }
            ],
            "container_id": null,
            "disk_size_gb": 0.5,
            "encryption_at_rest_provider": "NONE",
            "id": "Y2x1c3Rlcl9pZA==:NjcxMmM3ODVhNmMxYzU0ZmVmN2I4OGRh-Y2x1c3Rlcl9uYW1l:Y2x1c3Rlci1ob2xhbXVuZG9jbG91ZA==-cHJvamVjdF9pZA==:NjcxMmM3N2VkMjQ1OGQ0YWM5OGI0ZjE5-cHJvdmlkZXJfbmFtZQ==:VEVOQU5U",
            "labels": [],
            "mongo_db_major_version": "7.0",
            "mongo_db_version": "7.0.14",
            "mongo_uri": "mongodb://cluster-holamundocloud-shard-00-00.xkff5.mongodb.net:27017,cluster-holamundocloud-shard-00-01.xkff5.mongodb.net:27017,cluster-holamundocloud-shard-00-02.xkff5.mongodb.net:27017",
            "mongo_uri_updated": "2024-10-18T20:42:12Z",
            "mongo_uri_with_options": "mongodb://cluster-holamundocloud-shard-00-00.xkff5.mongodb.net:27017,cluster-holamundocloud-shard-00-01.xkff5.mongodb.net:27017,cluster-holamundocloud-shard-00-02.xkff5.mongodb.net:27017/?ssl=true\u0026authSource=admin\u0026replicaSet=atlas-vi2iy4-shard-0",
            "name": "cluster-holamundocloud",
            "num_shards": 1,
            "paused": false,
            "pit_enabled": false,
            "project_id": "6712c77ed2458d4ac98b4f19",
            "provider_auto_scaling_compute_max_instance_size": "",
            "provider_auto_scaling_compute_min_instance_size": "",
            "provider_disk_iops": null,
            "provider_disk_type_name": "",
            "provider_encrypt_ebs_volume": null,
            "provider_encrypt_ebs_volume_flag": null,
            "provider_instance_size_name": "M0",
            "provider_name": "TENANT",
            "provider_region_name": "US_EAST_1",
            "provider_volume_type": "",
            "redact_client_log_data": false,
            "replication_factor": 3,
            "replication_specs": [
              {
                "id": "6712c785a6c1c54fef7b88c8",
                "num_shards": 1,
                "regions_config": [
                  {
                    "analytics_nodes": 0,
                    "electable_nodes": 3,
                    "priority": 7,
                    "read_only_nodes": 0,
                    "region_name": "US_EAST_1"
                  }
                ],
                "zone_name": "Zone 1"
              }
            ],
            "retain_backups_enabled": null,
            "snapshot_backup_policy": [],
            "srv_address": "mongodb+srv://cluster-holamundocloud.xkff5.mongodb.net",
            "state_name": "IDLE",
            "tags": [],
            "termination_protection_enabled": false,
            "timeouts": null,
            "version_release_system": "LTS"
          },
          "sensitive_attributes": [],
          "private": "eyJlMmJmYjczMC1lY2FhLTExZTYtOGY4OC0zNDM2M2JjN2M0YzAiOnsiY3JlYXRlIjoxMDgwMDAwMDAwMDAwMCwiZGVsZXRlIjoxMDgwMDAwMDAwMDAwMCwidXBkYXRlIjoxMDgwMDAwMDAwMDAwMH0sInNjaGVtYV92ZXJzaW9uIjoiMSJ9",
          "dependencies": [
            "mongodbatlas_project.my_project"
          ]
        }
      ]
    },
    {
      "mode": "managed",
      "type": "mongodbatlas_database_user",
      "name": "my_user",
      "provider": "provider[\"registry.terraform.io/mongodb/mongodbatlas\"]",
      "instances": [
        {
          "schema_version": 0,
          "attributes": {
            "auth_database_name": "admin",
            "aws_iam_type": "NONE",
            "id": "YXV0aF9kYXRhYmFzZV9uYW1l:YWRtaW4=-cHJvamVjdF9pZA==:NjcxMmM3N2VkMjQ1OGQ0YWM5OGI0ZjE5-dXNlcm5hbWU=:YWRtaW4=",
            "labels": [],
            "ldap_auth_type": "NONE",
            "oidc_auth_type": "NONE",
            "password": "!Password123#",
            "project_id": "6712c77ed2458d4ac98b4f19",
            "roles": [
              {
                "collection_name": null,
                "database_name": "admin",
                "role_name": "readWriteAnyDatabase"
              }
            ],
            "scopes": [],
            "username": "admin",
            "x509_type": "NONE"
          },
          "sensitive_attributes": [
            [
              {
                "type": "get_attr",
                "value": "password"
              }
            ]
          ],
          "dependencies": [
            "mongodbatlas_project.my_project"
          ]
        }
      ]
    },
    {
      "mode": "managed",
      "type": "mongodbatlas_project",
      "name": "my_project",
      "provider": "provider[\"registry.terraform.io/mongodb/mongodbatlas\"]",
      "instances": [
        {
          "schema_version": 0,
          "attributes": {
            "cluster_count": 0,
            "created": "2024-10-18T20:39:29Z",
            "id": "6712c77ed2458d4ac98b4f19",
            "ip_addresses": {
              "services": {
                "clusters": []
              }
            },
            "is_collect_database_specifics_statistics_enabled": true,
            "is_data_explorer_enabled": true,
            "is_extended_storage_sizes_enabled": false,
            "is_performance_advisor_enabled": true,
            "is_realtime_performance_panel_enabled": true,
            "is_schema_advisor_enabled": true,
            "limits": [],
            "name": "HolaMundoCloud",
            "org_id": "6697c1ab7f91044c27ceff06",
            "project_owner_id": null,
            "region_usage_restrictions": null,
            "tags": null,
            "teams": [],
            "with_default_alerts_settings": true
          },
          "sensitive_attributes": []
        }
      ]
    }
  ],
  "check_results": null
}
